
Microsoft Visual Studio Solution File, Format Version 12.00
# Visual Studio Version 16
VisualStudioVersion = 16.0.29613.14
MinimumVisualStudioVersion = 10.0.40219.1
Project("{FAE04EC0-301F-11D3-BF4B-00C04F79EFBC}") = "SenNES", "SenNES.csproj", "{F5AE71E8-5CB4-43A5-927A-54672A508962}"
EndProject
Global
	GlobalSection(SolutionConfigurationPlatforms) = preSolution
		Debug|Any CPU = Debug|Any CPU
		Release|Any CPU = Release|Any CPU
	EndGlobalSection
	GlobalSection(ProjectConfigurationPlatforms) = postSolution
		{F5AE71E8-5CB4-43A5-927A-54672A508962}.Debug|Any CPU.ActiveCfg = Debug|Any CPU
		{F5AE71E8-5CB4-43A5-927A-54672A508962}.Debug|Any CPU.Build.0 = Debug|Any CPU
		{F5AE71E8-5CB4-43A5-927A-54672A508962}.Release|Any CPU.ActiveCfg = Release|Any CPU
		{F5AE71E8-5CB4-43A5-927A-54672A508962}.Release|Any CPU.Build.0 = Release|Any CPU
	EndGlobalSection
	GlobalSection(SolutionProperties) = preSolution
		HideSolutionNode = FALSE
	EndGlobalSection
	GlobalSection(ExtensibilityGlobals) = postSolution
		SolutionGuid = {CF3469ED-D061-4A1B-9936-E380DF94383C}
	EndGlobalSection
EndGlobal
